
Microsoft Visual Studio Solution File, Format Version 12.00
# Visual Studio Version 16
VisualStudioVersion = 16.0.30621.155
MinimumVisualStudioVersion = 10.0.40219.1
Project("{FAE04EC0-301F-11D3-BF4B-00C04F79EFBC}") = "Interface.Web", "Interface.Web\Interface.Web.csproj", "{ED0E1957-763F-45C1-BBE6-7D6DC85A29D2}"
EndProject
Project("{FAE04EC0-301F-11D3-BF4B-00C04F79EFBC}") = "EPiFaceRecognition", "EPiFaceRecognition\EPiFaceRecognition.csproj", "{2BAAE15A-7AB8-4480-848B-816B55EC517C}"
EndProject
Global
	GlobalSection(SolutionConfigurationPlatforms) = preSolution
		Debug|Any CPU = Debug|Any CPU
		Release|Any CPU = Release|Any CPU
	EndGlobalSection
	GlobalSection(ProjectConfigurationPlatforms) = postSolution
		{ED0E1957-763F-45C1-BBE6-7D6DC85A29D2}.Debug|Any CPU.ActiveCfg = Debug|Any CPU
		{ED0E1957-763F-45C1-BBE6-7D6DC85A29D2}.Debug|Any CPU.Build.0 = Debug|Any CPU
		{ED0E1957-763F-45C1-BBE6-7D6DC85A29D2}.Release|Any CPU.ActiveCfg = Release|Any CPU
		{ED0E1957-763F-45C1-BBE6-7D6DC85A29D2}.Release|Any CPU.Build.0 = Release|Any CPU
		{2BAAE15A-7AB8-4480-848B-816B55EC517C}.Debug|Any CPU.ActiveCfg = Debug|Any CPU
		{2BAAE15A-7AB8-4480-848B-816B55EC517C}.Debug|Any CPU.Build.0 = Debug|Any CPU
		{2BAAE15A-7AB8-4480-848B-816B55EC517C}.Release|Any CPU.ActiveCfg = Release|Any CPU
		{2BAAE15A-7AB8-4480-848B-816B55EC517C}.Release|Any CPU.Build.0 = Release|Any CPU
	EndGlobalSection
	GlobalSection(SolutionProperties) = preSolution
		HideSolutionNode = FALSE
	EndGlobalSection
	GlobalSection(ExtensibilityGlobals) = postSolution
		SolutionGuid = {34166E24-A0C6-485B-82FC-FDA26EBE34B8}
	EndGlobalSection
EndGlobal
